
Microsoft Visual Studio Solution File, Format Version 12.00
# Visual Studio Version 16
VisualStudioVersion = 16.0.28803.352
MinimumVisualStudioVersion = 10.0.40219.1
Project("{FAE04EC0-301F-11D3-BF4B-00C04F79EFBC}") = "MassQSol_CodeGenerator_Console", "MassQSol_CodeGenerator_Console\MassQSol_CodeGenerator_Console.csproj", "{06511AE8-2130-4040-A0F7-8489368A4208}"
EndProject
Global
	GlobalSection(SolutionConfigurationPlatforms) = preSolution
		Debug|Any CPU = Debug|Any CPU
		Release|Any CPU = Release|Any CPU
	EndGlobalSection
	GlobalSection(ProjectConfigurationPlatforms) = postSolution
		{06511AE8-2130-4040-A0F7-8489368A4208}.Debug|Any CPU.ActiveCfg = Debug|Any CPU
		{06511AE8-2130-4040-A0F7-8489368A4208}.Debug|Any CPU.Build.0 = Debug|Any CPU
		{06511AE8-2130-4040-A0F7-8489368A4208}.Release|Any CPU.ActiveCfg = Release|Any CPU
		{06511AE8-2130-4040-A0F7-8489368A4208}.Release|Any CPU.Build.0 = Release|Any CPU
	EndGlobalSection
	GlobalSection(SolutionProperties) = preSolution
		HideSolutionNode = FALSE
	EndGlobalSection
	GlobalSection(ExtensibilityGlobals) = postSolution
		SolutionGuid = {64B48D62-BEC9-44CF-9F00-AACAD422E754}
	EndGlobalSection
	GlobalSection(TeamFoundationVersionControl) = preSolution
		SccNumberOfProjects = 2
		SccEnterpriseProvider = {4CA58AB2-18FA-4F8D-95D4-32DDF27D184C}
		SccTeamFoundationServer = https://maasqsol.visualstudio.com/
		SccLocalPath0 = .
		SccProjectUniqueName1 = MassQSol_CodeGenerator_Console\\MassQSol_CodeGenerator_Console.csproj
		SccProjectName1 = MassQSol_CodeGenerator_Console
		SccLocalPath1 = MassQSol_CodeGenerator_Console
	EndGlobalSection
EndGlobal
